
Microsoft Visual Studio Solution File, Format Version 12.00
# Visual Studio Version 17
VisualStudioVersion = 17.14.36717.8 d17.14
MinimumVisualStudioVersion = 10.0.40219.1
Project("{FAE04EC0-301F-11D3-BF4B-00C04F79EFBC}") = "AntiSleep", "AntiSleep\AntiSleep.csproj", "{526D07CE-04B4-4056-A0C0-6EF38087F971}"
EndProject
Global
	GlobalSection(SolutionConfigurationPlatforms) = preSolution
		Debug|Any CPU = Debug|Any CPU
		Release|Any CPU = Release|Any CPU
		Description = AntiSleep ist eine praktische Windows-App, die verhindert, dass dein Computer automatisch in den Sperrbildschirm oder Energiesparmodus wechselt. Ideal für Präsentationen, Downloads, lange Arbeitsprozesse oder wenn du einfach nicht möchtest, dass dein PC unterbricht
	EndGlobalSection
	GlobalSection(ProjectConfigurationPlatforms) = postSolution
		{526D07CE-04B4-4056-A0C0-6EF38087F971}.Debug|Any CPU.ActiveCfg = Debug|Any CPU
		{526D07CE-04B4-4056-A0C0-6EF38087F971}.Debug|Any CPU.Build.0 = Debug|Any CPU
		{526D07CE-04B4-4056-A0C0-6EF38087F971}.Release|Any CPU.ActiveCfg = Release|Any CPU
		{526D07CE-04B4-4056-A0C0-6EF38087F971}.Release|Any CPU.Build.0 = Release|Any CPU
	EndGlobalSection
	GlobalSection(SolutionProperties) = preSolution
		HideSolutionNode = FALSE
	EndGlobalSection
	GlobalSection(ExtensibilityGlobals) = postSolution
		SolutionGuid = {3FEBFE67-40E8-4421-B20B-F173EC656CAD}
	EndGlobalSection
EndGlobal
